Microsoft Visual Studio Solution File, Format Version 12.00
# Visual Studio Version 17
VisualStudioVersion = 17.5.2.0
MinimumVisualStudioVersion = 10.0.40219.1
Project("{FAE04EC0-301F-11D3-BF4B-00C04F79EFBC}") = "PBL3", "PBL3.csproj", "{8E2E33AE-5CFC-76ED-4B9F-AFAA3114E6C6}"
EndProject
Global
	GlobalSection(SolutionConfigurationPlatforms) = preSolution
		Debug|Any CPU = Debug|Any CPU
		Release|Any CPU = Release|Any CPU
	EndGlobalSection
	GlobalSection(ProjectConfigurationPlatforms) = postSolution
		{8E2E33AE-5CFC-76ED-4B9F-AFAA3114E6C6}.Debug|Any CPU.ActiveCfg = Debug|Any CPU
		{8E2E33AE-5CFC-76ED-4B9F-AFAA3114E6C6}.Debug|Any CPU.Build.0 = Debug|Any CPU
		{8E2E33AE-5CFC-76ED-4B9F-AFAA3114E6C6}.Release|Any CPU.ActiveCfg = Release|Any CPU
		{8E2E33AE-5CFC-76ED-4B9F-AFAA3114E6C6}.Release|Any CPU.Build.0 = Release|Any CPU
	EndGlobalSection
	GlobalSection(SolutionProperties) = preSolution
		HideSolutionNode = FALSE
	EndGlobalSection
	GlobalSection(ExtensibilityGlobals) = postSolution
		SolutionGuid = {F01A7777-3377-4BE4-96DE-B1A6CF5AFEF4}
	EndGlobalSection
EndGlobal
